
Microsoft Visual Studio Solution File, Format Version 12.00
# Visual Studio 15
VisualStudioVersion = 15.0.28307.1000
MinimumVisualStudioVersion = 10.0.40219.1
Project("{FAE04EC0-301F-11D3-BF4B-00C04F79EFBC}") = "try_testing", "try_testing\try_testing.csproj", "{2482CF00-DE2E-4A25-A595-C0BC7A327C15}"
EndProject
Project("{FAE04EC0-301F-11D3-BF4B-00C04F79EFBC}") = "BasicMathTest", "BasicMathTest\BasicMathTest.csproj", "{B0FC7EC2-6BFA-4E67-B76D-DB555FBC555E}"
EndProject
Global
	GlobalSection(SolutionConfigurationPlatforms) = preSolution
		Debug|Any CPU = Debug|Any CPU
		Release|Any CPU = Release|Any CPU
	EndGlobalSection
	GlobalSection(ProjectConfigurationPlatforms) = postSolution
		{2482CF00-DE2E-4A25-A595-C0BC7A327C15}.Debug|Any CPU.ActiveCfg = Debug|Any CPU
		{2482CF00-DE2E-4A25-A595-C0BC7A327C15}.Debug|Any CPU.Build.0 = Debug|Any CPU
		{2482CF00-DE2E-4A25-A595-C0BC7A327C15}.Release|Any CPU.ActiveCfg = Release|Any CPU
		{2482CF00-DE2E-4A25-A595-C0BC7A327C15}.Release|Any CPU.Build.0 = Release|Any CPU
		{B0FC7EC2-6BFA-4E67-B76D-DB555FBC555E}.Debug|Any CPU.ActiveCfg = Debug|Any CPU
		{B0FC7EC2-6BFA-4E67-B76D-DB555FBC555E}.Debug|Any CPU.Build.0 = Debug|Any CPU
		{B0FC7EC2-6BFA-4E67-B76D-DB555FBC555E}.Release|Any CPU.ActiveCfg = Release|Any CPU
		{B0FC7EC2-6BFA-4E67-B76D-DB555FBC555E}.Release|Any CPU.Build.0 = Release|Any CPU
	EndGlobalSection
	GlobalSection(SolutionProperties) = preSolution
		HideSolutionNode = FALSE
	EndGlobalSection
	GlobalSection(ExtensibilityGlobals) = postSolution
		SolutionGuid = {06BEDF9E-64E5-449A-8609-AF2721BBF8EA}
	EndGlobalSection
EndGlobal
